
Microsoft Visual Studio Solution File, Format Version 12.00
# Visual Studio 15
VisualStudioVersion = 15.0.28307.779
MinimumVisualStudioVersion = 10.0.40219.1
Project("{FAE04EC0-301F-11D3-BF4B-00C04F79EFBC}") = "BookShop", "BookShop\BookShop.csproj", "{67120D03-6739-44B4-88F8-1C2BA3568FFD}"
EndProject
Global
	GlobalSection(SolutionConfigurationPlatforms) = preSolution
		Debug|Any CPU = Debug|Any CPU
		Release|Any CPU = Release|Any CPU
	EndGlobalSection
	GlobalSection(ProjectConfigurationPlatforms) = postSolution
		{67120D03-6739-44B4-88F8-1C2BA3568FFD}.Debug|Any CPU.ActiveCfg = Debug|Any CPU
		{67120D03-6739-44B4-88F8-1C2BA3568FFD}.Debug|Any CPU.Build.0 = Debug|Any CPU
		{67120D03-6739-44B4-88F8-1C2BA3568FFD}.Release|Any CPU.ActiveCfg = Release|Any CPU
		{67120D03-6739-44B4-88F8-1C2BA3568FFD}.Release|Any CPU.Build.0 = Release|Any CPU
	EndGlobalSection
	GlobalSection(SolutionProperties) = preSolution
		HideSolutionNode = FALSE
	EndGlobalSection
	GlobalSection(ExtensibilityGlobals) = postSolution
		SolutionGuid = {F8685CBA-4591-4412-A654-FEA723F2ECED}
	EndGlobalSection
EndGlobal
